// !$*UTF8*$!
{
	archiveVersion = 1;
	classes = {
	};
	objectVersion = 48;
	objects = {

/* Begin PBXBuildFile section */
		2F0841281FB0FFAC00EFDB65 /* CreateTripViewController.swift in Sources */ = {isa = PBXBuildFile; fileRef = 2F0841271FB0FFAC00EFDB65 /* CreateTripViewController.swift */; };
		2F2721801FB0E77800747B8E /* AppDelegate.swift in Sources */ = {isa = PBXBuildFile; fileRef = 2F27217F1FB0E77800747B8E /* AppDelegate.swift */; };
		2F2721821FB0E77800747B8E /* RootViewController.swift in Sources */ = {isa = PBXBuildFile; fileRef = 2F2721811FB0E77800747B8E /* RootViewController.swift */; };
		2F2721851FB0E77800747B8E /* Main.storyboard in Resources */ = {isa = PBXBuildFile; fileRef = 2F2721831FB0E77800747B8E /* Main.storyboard */; };
		2F2721871FB0E77800747B8E /* Assets.xcassets in Resources */ = {isa = PBXBuildFile; fileRef = 2F2721861FB0E77800747B8E /* Assets.xcassets */; };
		2F27218A1FB0E77800747B8E /* LaunchScreen.storyboard in Resources */ = {isa = PBXBuildFile; fileRef = 2F2721881FB0E77800747B8E /* LaunchScreen.storyboard */; };
		2F2721921FB0F03E00747B8E /* TripDetailViewController.swift in Sources */ = {isa = PBXBuildFile; fileRef = 2F2721911FB0F03E00747B8E /* TripDetailViewController.swift */; };
		600013F5DC10FEBEDAF6D309 /* Pods_CarPool.framework in Frameworks */ = {isa = PBXBuildFile; fileRef = 9514F2CA0FAFBFF2A4467485 /* Pods_CarPool.framework */; };
/* End PBXBuildFile section */

/* Begin PBXFileReference section */
		2F0841271FB0FFAC00EFDB65 /* CreateTripViewController.swift */ = {isa = PBXFileReference; lastKnownFileType = sourcecode.swift; path = CreateTripViewController.swift; sourceTree = "<group>"; };
		2F27217C1FB0E77800747B8E /* CarPool.app */ = {isa = PBXFileReference; explicitFileType = wrapper.application; includeInIndex = 0; path = CarPool.app; sourceTree = BUILT_PRODUCTS_DIR; };
		2F27217F1FB0E77800747B8E /* AppDelegate.swift */ = {isa = PBXFileReference; lastKnownFileType = sourcecode.swift; path = AppDelegate.swift; sourceTree = "<group>"; };
		2F2721811FB0E77800747B8E /* RootViewController.swift */ = {isa = PBXFileReference; lastKnownFileType = sourcecode.swift; path = RootViewController.swift; sourceTree = "<group>"; };
		2F2721841FB0E77800747B8E /* Base */ = {isa = PBXFileReference; lastKnownFileType = file.storyboard; name = Base; path = Base.lproj/Main.storyboard; sourceTree = "<group>"; };
		2F2721861FB0E77800747B8E /* Assets.xcassets */ = {isa = PBXFileReference; lastKnownFileType = folder.assetcatalog; path = Assets.xcassets; sourceTree = "<group>"; };
		2F2721891FB0E77800747B8E /* Base */ = {isa = PBXFileReference; lastKnownFileType = file.storyboard; name = Base; path = Base.lproj/LaunchScreen.storyboard; sourceTree = "<group>"; };
		2F27218B1FB0E77800747B8E /* Info.plist */ = {isa = PBXFileReference; lastKnownFileType = text.plist.xml; path = Info.plist; sourceTree = "<group>"; };
		2F2721911FB0F03E00747B8E /* TripDetailViewController.swift */ = {isa = PBXFileReference; lastKnownFileType = sourcecode.swift; path = TripDetailViewController.swift; sourceTree = "<group>"; };
		40091111EAF070213401F87B /* Pods-CarPool.debug.xcconfig */ = {isa = PBXFileReference; includeInIndex = 1; lastKnownFileType = text.xcconfig; name = "Pods-CarPool.debug.xcconfig"; path = "Pods/Target Support Files/Pods-CarPool/Pods-CarPool.debug.xcconfig"; sourceTree = "<group>"; };
		9514F2CA0FAFBFF2A4467485 /* Pods_CarPool.framework */ = {isa = PBXFileReference; explicitFileType = wrapper.framework; includeInIndex = 0; path = Pods_CarPool.framework; sourceTree = BUILT_PRODUCTS_DIR; };
		C466C0C87604D1F8E5E8439C /* Pods-CarPool.release.xcconfig */ = {isa = PBXFileReference; includeInIndex = 1; lastKnownFileType = text.xcconfig; name = "Pods-CarPool.release.xcconfig"; path = "Pods/Target Support Files/Pods-CarPool/Pods-CarPool.release.xcconfig"; sourceTree = "<group>"; };
/* End PBXFileReference section */

/* Begin PBXFrameworksBuildPhase section */
		2F2721791FB0E77800747B8E /* Frameworks */ = {
			isa = PBXFrameworksBuildPhase;
			buildActionMask = 2147483647;
			files = (
				600013F5DC10FEBEDAF6D309 /* Pods_CarPool.framework in Frameworks */,
			);
			runOnlyForDeploymentPostprocessing = 0;
		};
/* End PBXFrameworksBuildPhase section */

/* Begin PBXGroup section */
		1469DABC8F1D7742BF0FBBAA /* Frameworks */ = {
			isa = PBXGroup;
			children = (
				9514F2CA0FAFBFF2A4467485 /* Pods_CarPool.framework */,
			);
			name = Frameworks;
			sourceTree = "<group>";
		};
		2F2721731FB0E77800747B8E = {
			isa = PBXGroup;
			children = (
				2F27217E1FB0E77800747B8E /* CarPool */,
				2F27217D1FB0E77800747B8E /* Products */,
				8ED4D3FEA6CA88DC791487FC /* Pods */,
				1469DABC8F1D7742BF0FBBAA /* Frameworks */,
			);
			sourceTree = "<group>";
		};
		2F27217D1FB0E77800747B8E /* Products */ = {
			isa = PBXGroup;
			children = (
				2F27217C1FB0E77800747B8E /* CarPool.app */,
			);
			name = Products;
			sourceTree = "<group>";
		};
		2F27217E1FB0E77800747B8E /* CarPool */ = {
			isa = PBXGroup;
			children = (
				2F27217F1FB0E77800747B8E /* AppDelegate.swift */,
				2F2721811FB0E77800747B8E /* RootViewController.swift */,
				2F2721911FB0F03E00747B8E /* TripDetailViewController.swift */,
				2F2721831FB0E77800747B8E /* Main.storyboard */,
				2F0841271FB0FFAC00EFDB65 /* CreateTripViewController.swift */,
				2F2721861FB0E77800747B8E /* Assets.xcassets */,
				2F2721881FB0E77800747B8E /* LaunchScreen.storyboard */,
				2F27218B1FB0E77800747B8E /* Info.plist */,
			);
			path = CarPool;
			sourceTree = "<group>";
		};
		8ED4D3FEA6CA88DC791487FC /* Pods */ = {
			isa = PBXGroup;
			children = (
				40091111EAF070213401F87B /* Pods-CarPool.debug.xcconfig */,
				C466C0C87604D1F8E5E8439C /* Pods-CarPool.release.xcconfig */,
			);
			name = Pods;
			sourceTree = "<group>";
		};
/* End PBXGroup section */

/* Begin PBXNativeTarget section */
		2F27217B1FB0E77800747B8E /* CarPool */ = {
			isa = PBXNativeTarget;
			buildConfigurationList = 2F27218E1FB0E77800747B8E /* Build configuration list for PBXNativeTarget "CarPool" */;
			buildPhases = (
				E7A5AFBB1779EE0FF13BCA7C /* [CP] Check Pods Manifest.lock */,
				2F2721781FB0E77800747B8E /* Sources */,
				2F2721791FB0E77800747B8E /* Frameworks */,
				2F27217A1FB0E77800747B8E /* Resources */,
				38A02EAA8A27D1BF6273543F /* [CP] Embed Pods Frameworks */,
				AD564B31059271568CCD4283 /* [CP] Copy Pods Resources */,
			);
			buildRules = (
			);
			dependencies = (
			);
			name = CarPool;
			productName = CarPool;
			productReference = 2F27217C1FB0E77800747B8E /* CarPool.app */;
			productType = "com.apple.product-type.application";
		};
/* End PBXNativeTarget section */

/* Begin PBXProject section */
		2F2721741FB0E77800747B8E /* Project object */ = {
			isa = PBXProject;
			attributes = {
				LastSwiftUpdateCheck = 0910;
				LastUpgradeCheck = 0910;
				ORGANIZATIONNAME = Riyazh;
				TargetAttributes = {
					2F27217B1FB0E77800747B8E = {
						CreatedOnToolsVersion = 9.1;
						ProvisioningStyle = Automatic;
					};
				};
			};
			buildConfigurationList = 2F2721771FB0E77800747B8E /* Build configuration list for PBXProject "CarPool" */;
			compatibilityVersion = "Xcode 8.0";
			developmentRegion = en;
			hasScannedForEncodings = 0;
			knownRegions = (
				en,
				Base,
			);
			mainGroup = 2F2721731FB0E77800747B8E;
			productRefGroup = 2F27217D1FB0E77800747B8E /* Products */;
			projectDirPath = "";
			projectRoot = "";
			targets = (
				2F27217B1FB0E77800747B8E /* CarPool */,
			);
		};
/* End PBXProject section */

/* Begin PBXResourcesBuildPhase section */
		2F27217A1FB0E77800747B8E /* Resources */ = {
			isa = PBXResourcesBuildPhase;
			buildActionMask = 2147483647;
			files = (
				2F27218A1FB0E77800747B8E /* LaunchScreen.storyboard in Resources */,
				2F2721871FB0E77800747B8E /* Assets.xcassets in Resources */,
				2F2721851FB0E77800747B8E /* Main.storyboard in Resources */,
			);
			runOnlyForDeploymentPostprocessing = 0;
		};
/* End PBXResourcesBuildPhase section */

/* Begin PBXShellScriptBuildPhase section */
		38A02EAA8A27D1BF6273543F /* [CP] Embed Pods Frameworks */ = {
			isa = PBXShellScriptBuildPhase;
			buildActionMask = 2147483647;
			files = (
			);
			inputPaths = (
				"${SRCROOT}/Pods/Target Support Files/Pods-CarPool/Pods-CarPool-frameworks.sh",
				"${BUILT_PRODUCTS_DIR}/CarpoolKit/CarpoolKit.framework",
				"${BUILT_PRODUCTS_DIR}/FirebaseCommunity/FirebaseCommunity.framework",
				"${BUILT_PRODUCTS_DIR}/GTMSessionFetcher/GTMSessionFetcher.framework",
				"${BUILT_PRODUCTS_DIR}/GoogleToolboxForMac/GoogleToolboxForMac.framework",
				"${BUILT_PRODUCTS_DIR}/PromiseKit/PromiseKit.framework",
				"${BUILT_PRODUCTS_DIR}/leveldb-library/leveldb.framework",
			);
			name = "[CP] Embed Pods Frameworks";
			outputPaths = (
				"${TARGET_BUILD_DIR}/${FRAMEWORKS_FOLDER_PATH}/CarpoolKit.framework",
				"${TARGET_BUILD_DIR}/${FRAMEWORKS_FOLDER_PATH}/FirebaseCommunity.framework",
				"${TARGET_BUILD_DIR}/${FRAMEWORKS_FOLDER_PATH}/GTMSessionFetcher.framework",
				"${TARGET_BUILD_DIR}/${FRAMEWORKS_FOLDER_PATH}/GoogleToolboxForMac.framework",
				"${TARGET_BUILD_DIR}/${FRAMEWORKS_FOLDER_PATH}/PromiseKit.framework",
				"${TARGET_BUILD_DIR}/${FRAMEWORKS_FOLDER_PATH}/leveldb.framework",
			);
			runOnlyForDeploymentPostprocessing = 0;
			shellPath = /bin/sh;
			shellScript = "\"${SRCROOT}/Pods/Target Support Files/Pods-CarPool/Pods-CarPool-frameworks.sh\"\n";
			showEnvVarsInLog = 0;
		};
		AD564B31059271568CCD4283 /* [CP] Copy Pods Resources */ = {
			isa = PBXShellScriptBuildPhase;
			buildActionMask = 2147483647;
			files = (
			);
			inputPaths = (
			);
			name = "[CP] Copy Pods Resources";
			outputPaths = (
			);
			runOnlyForDeploymentPostprocessing = 0;
			shellPath = /bin/sh;
			shellScript = "\"${SRCROOT}/Pods/Target Support Files/Pods-CarPool/Pods-CarPool-resources.sh\"\n";
			showEnvVarsInLog = 0;
		};
		E7A5AFBB1779EE0FF13BCA7C /* [CP] Check Pods Manifest.lock */ = {
			isa = PBXShellScriptBuildPhase;
			buildActionMask = 2147483647;
			files = (
			);
			inputPaths = (
				"${PODS_PODFILE_DIR_PATH}/Podfile.lock",
				"${PODS_ROOT}/Manifest.lock",
			);
			name = "[CP] Check Pods Manifest.lock";
			outputPaths = (
				"$(DERIVED_FILE_DIR)/Pods-CarPool-checkManifestLockResult.txt",
			);
			runOnlyForDeploymentPostprocessing = 0;
			shellPath = /bin/sh;
			shellScript = "diff \"${PODS_PODFILE_DIR_PATH}/Podfile.lock\" \"${PODS_ROOT}/Manifest.lock\" > /dev/null\nif [ $? != 0 ] ; then\n    # print error to STDERR\n    echo \"error: The sandbox is not in sync with the Podfile.lock. Run 'pod install' or update your CocoaPods installation.\" >&2\n    exit 1\nfi\n# This output is used by Xcode 'outputs' to avoid re-running this script phase.\necho \"SUCCESS\" > \"${SCRIPT_OUTPUT_FILE_0}\"\n";
			showEnvVarsInLog = 0;
		};
/* End PBXShellScriptBuildPhase section */

/* Begin PBXSourcesBuildPhase section */
		2F2721781FB0E77800747B8E /* Sources */ = {
			isa = PBXSourcesBuildPhase;
			buildActionMask = 2147483647;
			files = (
				2F2721921FB0F03E00747B8E /* TripDetailViewController.swift in Sources */,
				2F2721821FB0E77800747B8E /* RootViewController.swift in Sources */,
				2F2721801FB0E77800747B8E /* AppDelegate.swift in Sources */,
				2F0841281FB0FFAC00EFDB65 /* CreateTripViewController.swift in Sources */,
			);
			runOnlyForDeploymentPostprocessing = 0;
		};
/* End PBXSourcesBuildPhase section */

/* Begin PBXVariantGroup section */
		2F2721831FB0E77800747B8E /* Main.storyboard */ = {
			isa = PBXVariantGroup;
			children = (
				2F2721841FB0E77800747B8E /* Base */,
			);
			name = Main.storyboard;
			sourceTree = "<group>";
		};
		2F2721881FB0E77800747B8E /* LaunchScreen.storyboard */ = {
			isa = PBXVariantGroup;
			children = (
				2F2721891FB0E77800747B8E /* Base */,
			);
			name = LaunchScreen.storyboard;
			sourceTree = "<group>";
		};
/* End PBXVariantGroup section */

/* Begin XCBuildConfiguration section */
		2F27218C1FB0E77800747B8E /* Debug */ = {
			isa = XCBuildConfiguration;
			buildSettings = {
				ALWAYS_SEARCH_USER_PATHS = NO;
				CLANG_ANALYZER_NONNULL = YES;
				CLANG_ANALYZER_NUMBER_OBJECT_CONVERSION = YES_AGGRESSIVE;
				CLANG_CXX_LANGUAGE_STANDARD = "gnu++14";
				CLANG_CXX_LIBRARY = "libc++";
				CLANG_ENABLE_MODULES = YES;
				CLANG_ENABLE_OBJC_ARC = YES;
				CLANG_WARN_BLOCK_CAPTURE_AUTORELEASING = YES;
				CLANG_WARN_BOOL_CONVERSION = YES;
				CLANG_WARN_COMMA = YES;
				CLANG_WARN_CONSTANT_CONVERSION = YES;
				CLANG_WARN_DIRECT_OBJC_ISA_USAGE = YES_ERROR;
				CLANG_WARN_DOCUMENTATION_COMMENTS = YES;
				CLANG_WARN_EMPTY_BODY = YES;
				CLANG_WARN_ENUM_CONVERSION = YES;
				CLANG_WARN_INFINITE_RECURSION = YES;
				CLANG_WARN_INT_CONVERSION = YES;
				CLANG_WARN_NON_LITERAL_NULL_CONVERSION = YES;
				CLANG_WARN_OBJC_LITERAL_CONVERSION = YES;
				CLANG_WARN_OBJC_ROOT_CLASS = YES_ERROR;
				CLANG_WARN_RANGE_LOOP_ANALYSIS = YES;
				CLANG_WARN_STRICT_PROTOTYPES = YES;
				CLANG_WARN_SUSPICIOUS_MOVE = YES;
				CLANG_WARN_UNGUARDED_AVAILABILITY = YES_AGGRESSIVE;
				CLANG_WARN_UNREACHABLE_CODE = YES;
				CLANG_WARN__DUPLICATE_METHOD_MATCH = YES;
				CODE_SIGN_IDENTITY = "iPhone Developer";
				COPY_PHASE_STRIP = NO;
				DEBUG_INFORMATION_FORMAT = dwarf;
				ENABLE_STRICT_OBJC_MSGSEND = YES;
				ENABLE_TESTABILITY = YES;
				GCC_C_LANGUAGE_STANDARD = gnu11;
				GCC_DYNAMIC_NO_PIC = NO;
				GCC_NO_COMMON_BLOCKS = YES;
				GCC_OPTIMIZATION_LEVEL = 0;
				GCC_PREPROCESSOR_DEFINITIONS = (
					"DEBUG=1",
					"$(inherited)",
				);
				GCC_WARN_64_TO_32_BIT_CONVERSION = YES;
				GCC_WARN_ABOUT_RETURN_TYPE = YES_ERROR;
				GCC_WARN_UNDECLARED_SELECTOR = YES;
				GCC_WARN_UNINITIALIZED_AUTOS = YES_AGGRESSIVE;
				GCC_WARN_UNUSED_FUNCTION = YES;
				GCC_WARN_UNUSED_VARIABLE = YES;
				IPHONEOS_DEPLOYMENT_TARGET = 11.1;
				MTL_ENABLE_DEBUG_INFO = YES;
				ONLY_ACTIVE_ARCH = YES;
				SDKROOT = iphoneos;
				SWIFT_ACTIVE_COMPILATION_CONDITIONS = DEBUG;
				SWIFT_OPTIMIZATION_LEVEL = "-Onone";
			};
			name = Debug;
		};
		2F27218D1FB0E77800747B8E /* Release */ = {
			isa = XCBuildConfiguration;
			buildSettings = {
				ALWAYS_SEARCH_USER_PATHS = NO;
				CLANG_ANALYZER_NONNULL = YES;
				CLANG_ANALYZER_NUMBER_OBJECT_CONVERSION = YES_AGGRESSIVE;
				CLANG_CXX_LANGUAGE_STANDARD = "gnu++14";
				CLANG_CXX_LIBRARY = "libc++";
				CLANG_ENABLE_MODULES = YES;
				CLANG_ENABLE_OBJC_ARC = YES;
				CLANG_WARN_BLOCK_CAPTURE_AUTORELEASING = YES;
				CLANG_WARN_BOOL_CONVERSION = YES;
				CLANG_WARN_COMMA = YES;
				CLANG_WARN_CONSTANT_CONVERSION = YES;
				CLANG_WARN_DIRECT_OBJC_ISA_USAGE = YES_ERROR;
				CLANG_WARN_DOCUMENTATION_COMMENTS = YES;
				CLANG_WARN_EMPTY_BODY = YES;
				CLANG_WARN_ENUM_CONVERSION = YES;
				CLANG_WARN_INFINITE_RECURSION = YES;
				CLANG_WARN_INT_CONVERSION = YES;
				CLANG_WARN_NON_LITERAL_NULL_CONVERSION = YES;
				CLANG_WARN_OBJC_LITERAL_CONVERSION = YES;
				CLANG_WARN_OBJC_ROOT_CLASS = YES_ERROR;
				CLANG_WARN_RANGE_LOOP_ANALYSIS = YES;
				CLANG_WARN_STRICT_PROTOTYPES = YES;
				CLANG_WARN_SUSPICIOUS_MOVE = YES;
				CLANG_WARN_UNGUARDED_AVAILABILITY = YES_AGGRESSIVE;
				CLANG_WARN_UNREACHABLE_CODE = YES;
				CLANG_WARN__DUPLICATE_METHOD_MATCH = YES;
				CODE_SIGN_IDENTITY = "iPhone Developer";
				COPY_PHASE_STRIP = NO;
				DEBUG_INFORMATION_FORMAT = "dwarf-with-dsym";
				ENABLE_NS_ASSERTIONS = NO;
				ENABLE_STRICT_OBJC_MSGSEND = YES;
				GCC_C_LANGUAGE_STANDARD = gnu11;
				GCC_NO_COMMON_BLOCKS = YES;
				GCC_WARN_64_TO_32_BIT_CONVERSION = YES;
				GCC_WARN_ABOUT_RETURN_TYPE = YES_ERROR;
				GCC_WARN_UNDECLARED_SELECTOR = YES;
				GCC_WARN_UNINITIALIZED_AUTOS = YES_AGGRESSIVE;
				GCC_WARN_UNUSED_FUNCTION = YES;
				GCC_WARN_UNUSED_VARIABLE = YES;
				IPHONEOS_DEPLOYMENT_TARGET = 11.1;
				MTL_ENABLE_DEBUG_INFO = NO;
				SDKROOT = iphoneos;
				SWIFT_OPTIMIZATION_LEVEL = "-Owholemodule";
				VALIDATE_PRODUCT = YES;
			};
			name = Release;
		};
		2F27218F1FB0E77800747B8E /* Debug */ = {
			isa = XCBuildConfiguration;
			baseConfigurationReference = 40091111EAF070213401F87B /* Pods-CarPool.debug.xcconfig */;
			buildSettings = {
				ASSETCATALOG_COMPILER_APPICON_NAME = AppIcon;
				CODE_SIGN_STYLE = Automatic;
				DEVELOPMENT_TEAM = P7L7L58P37;
				INFOPLIST_FILE = CarPool/Info.plist;
				LD_RUNPATH_SEARCH_PATHS = "$(inherited) @executable_path/Frameworks";
				PRODUCT_BUNDLE_IDENTIFIER = io.github.riyazhdholakia.CarPool;
				PRODUCT_NAME = "$(TARGET_NAME)";
				SWIFT_VERSION = 4.0;
				TARGETED_DEVICE_FAMILY = "1,2";
			};
			name = Debug;
		};
		2F2721901FB0E77800747B8E /* Release */ = {
			isa = XCBuildConfiguration;
			baseConfigurationReference = C466C0C87604D1F8E5E8439C /* Pods-CarPool.release.xcconfig */;
			buildSettings = {
				ASSETCATALOG_COMPILER_APPICON_NAME = AppIcon;
				CODE_SIGN_STYLE = Automatic;
				DEVELOPMENT_TEAM = P7L7L58P37;
				INFOPLIST_FILE = CarPool/Info.plist;
				LD_RUNPATH_SEARCH_PATHS = "$(inherited) @executable_path/Frameworks";
				PRODUCT_BUNDLE_IDENTIFIER = io.github.riyazhdholakia.CarPool;
				PRODUCT_NAME = "$(TARGET_NAME)";
				SWIFT_VERSION = 4.0;
				TARGETED_DEVICE_FAMILY = "1,2";
			};
			name = Release;
		};
/* End XCBuildConfiguration section */

/* Begin XCConfigurationList section */
		2F2721771FB0E77800747B8E /* Build configuration list for PBXProject "CarPool" */ = {
			isa = XCConfigurationList;
			buildConfigurations = (
				2F27218C1FB0E77800747B8E /* Debug */,
				2F27218D1FB0E77800747B8E /* Release */,
			);
			defaultConfigurationIsVisible = 0;
			defaultConfigurationName = Release;
		};
		2F27218E1FB0E77800747B8E /* Build configuration list for PBXNativeTarget "CarPool" */ = {
			isa = XCConfigurationList;
			buildConfigurations = (
				2F27218F1FB0E77800747B8E /* Debug */,
				2F2721901FB0E77800747B8E /* Release */,
			);
			defaultConfigurationIsVisible = 0;
			defaultConfigurationName = Release;
		};
/* End XCConfigurationList section */
	};
	rootObject = 2F2721741FB0E77800747B8E /* Project object */;
}
